
Microsoft Visual Studio Solution File, Format Version 12.00
# Visual Studio Version 17
VisualStudioVersion = 17.6.33712.159
MinimumVisualStudioVersion = 10.0.40219.1
Project("{FAE04EC0-301F-11D3-BF4B-00C04F79EFBC}") = "MiParcialitoA", "MiParcialitoA\MiParcialitoA.csproj", "{9FCB36C8-A1F2-43FC-823C-D5BACEF5195F}"
EndProject
Global
	GlobalSection(SolutionConfigurationPlatforms) = preSolution
		Debug|Any CPU = Debug|Any CPU
		Release|Any CPU = Release|Any CPU
	EndGlobalSection
	GlobalSection(ProjectConfigurationPlatforms) = postSolution
		{9FCB36C8-A1F2-43FC-823C-D5BACEF5195F}.Debug|Any CPU.ActiveCfg = Debug|Any CPU
		{9FCB36C8-A1F2-43FC-823C-D5BACEF5195F}.Debug|Any CPU.Build.0 = Debug|Any CPU
		{9FCB36C8-A1F2-43FC-823C-D5BACEF5195F}.Release|Any CPU.ActiveCfg = Release|Any CPU
		{9FCB36C8-A1F2-43FC-823C-D5BACEF5195F}.Release|Any CPU.Build.0 = Release|Any CPU
	EndGlobalSection
	GlobalSection(SolutionProperties) = preSolution
		HideSolutionNode = FALSE
	EndGlobalSection
	GlobalSection(ExtensibilityGlobals) = postSolution
		SolutionGuid = {DF7A618D-315E-4F5D-A422-06AD693625EA}
	EndGlobalSection
EndGlobal
